Microsoft Visual Studio Solution File, Format Version 12.00
# Visual Studio 2012
Project("{FAE04EC0-301F-11D3-BF4B-00C04F79EFBC}") = "CardGame", "CardGame.csproj", "{753AB6EA-E30B-4409-89B9-70AE399BEC54}"
EndProject
Global
	GlobalSection(SolutionConfigurationPlatforms) = preSolution
	Debug|Any CPU = Debug|Any CPU
	ExportDebug|Any CPU = ExportDebug|Any CPU
	ExportRelease|Any CPU = ExportRelease|Any CPU
	EndGlobalSection
	GlobalSection(ProjectConfigurationPlatforms) = postSolution
		{753AB6EA-E30B-4409-89B9-70AE399BEC54}.Debug|Any CPU.ActiveCfg = Debug|Any CPU
		{753AB6EA-E30B-4409-89B9-70AE399BEC54}.Debug|Any CPU.Build.0 = Debug|Any CPU
		{753AB6EA-E30B-4409-89B9-70AE399BEC54}.ExportDebug|Any CPU.ActiveCfg = ExportDebug|Any CPU
		{753AB6EA-E30B-4409-89B9-70AE399BEC54}.ExportDebug|Any CPU.Build.0 = ExportDebug|Any CPU
		{753AB6EA-E30B-4409-89B9-70AE399BEC54}.ExportRelease|Any CPU.ActiveCfg = ExportRelease|Any CPU
		{753AB6EA-E30B-4409-89B9-70AE399BEC54}.ExportRelease|Any CPU.Build.0 = ExportRelease|Any CPU
	EndGlobalSection
EndGlobal
